# THIS IS AN AUTOGENERATED FILE. DO NOT EDIT THIS FILE DIRECTLY.
# yarn lockfile v1


react-lines-ellipsis@^0.14.1:
  version "0.14.1"
  resolved "https://registry.yarnpkg.com/react-lines-ellipsis/-/react-lines-ellipsis-0.14.1.tgz#dbc045b9c3bd0c46d2c1dee893d46e9260d53969"
  integrity sha512-4nEDEzzfXy2bqRhLc00DWYb39FKIpGqaIIh/YT3KdHyM9pqD8cSfDSCdGy657sB12alCdT7cKK48Uk0OsRMvHQ==
